
Microsoft Visual Studio Solution File, Format Version 12.00
# Visual Studio Version 17
VisualStudioVersion = 17.7.34024.191
MinimumVisualStudioVersion = 10.0.40219.1
Project("{FAE04EC0-301F-11D3-BF4B-00C04F79EFBC}") = "pro_NguyenTacSOLID", "pro_NguyenTacSOLID\pro_NguyenTacSOLID.csproj", "{504E3555-14B1-4E6A-8BFE-39A6BB16840E}"
EndProject
Global
	GlobalSection(SolutionConfigurationPlatforms) = preSolution
		Debug|Any CPU = Debug|Any CPU
		Release|Any CPU = Release|Any CPU
	EndGlobalSection
	GlobalSection(ProjectConfigurationPlatforms) = postSolution
		{504E3555-14B1-4E6A-8BFE-39A6BB16840E}.Debug|Any CPU.ActiveCfg = Debug|Any CPU
		{504E3555-14B1-4E6A-8BFE-39A6BB16840E}.Debug|Any CPU.Build.0 = Debug|Any CPU
		{504E3555-14B1-4E6A-8BFE-39A6BB16840E}.Release|Any CPU.ActiveCfg = Release|Any CPU
		{504E3555-14B1-4E6A-8BFE-39A6BB16840E}.Release|Any CPU.Build.0 = Release|Any CPU
	EndGlobalSection
	GlobalSection(SolutionProperties) = preSolution
		HideSolutionNode = FALSE
	EndGlobalSection
	GlobalSection(ExtensibilityGlobals) = postSolution
		SolutionGuid = {4AE63C28-2A16-473C-8302-D9D048DD33E4}
	EndGlobalSection
EndGlobal
