
Microsoft Visual Studio Solution File, Format Version 12.00
# Visual Studio Version 17
VisualStudioVersion = 17.7.34024.191
MinimumVisualStudioVersion = 10.0.40219.1
Project("{FAE04EC0-301F-11D3-BF4B-00C04F79EFBC}") = "OnTap", "OnTap\OnTap.csproj", "{DD11BB34-2859-449E-AC50-45F03DC8B1F0}"
EndProject
Global
	GlobalSection(SolutionConfigurationPlatforms) = preSolution
		Debug|Any CPU = Debug|Any CPU
		Release|Any CPU = Release|Any CPU
	EndGlobalSection
	GlobalSection(ProjectConfigurationPlatforms) = postSolution
		{DD11BB34-2859-449E-AC50-45F03DC8B1F0}.Debug|Any CPU.ActiveCfg = Debug|Any CPU
		{DD11BB34-2859-449E-AC50-45F03DC8B1F0}.Debug|Any CPU.Build.0 = Debug|Any CPU
		{DD11BB34-2859-449E-AC50-45F03DC8B1F0}.Release|Any CPU.ActiveCfg = Release|Any CPU
		{DD11BB34-2859-449E-AC50-45F03DC8B1F0}.Release|Any CPU.Build.0 = Release|Any CPU
	EndGlobalSection
	GlobalSection(SolutionProperties) = preSolution
		HideSolutionNode = FALSE
	EndGlobalSection
	GlobalSection(ExtensibilityGlobals) = postSolution
		SolutionGuid = {41AFBA96-EBF1-4E31-9359-DDF64C6317EA}
	EndGlobalSection
EndGlobal
