
Microsoft Visual Studio Solution File, Format Version 12.00
# Visual Studio Version 17
VisualStudioVersion = 17.7.34024.191
MinimumVisualStudioVersion = 10.0.40219.1
Project("{FAE04EC0-301F-11D3-BF4B-00C04F79EFBC}") = "Ex13_QuanLyBanHang", "Ex13_QuanLyBanHang\Ex13_QuanLyBanHang.csproj", "{1ECD5DA0-3BF3-467B-BCFA-35D08C358B9F}"
EndProject
Global
	GlobalSection(SolutionConfigurationPlatforms) = preSolution
		Debug|Any CPU = Debug|Any CPU
		Release|Any CPU = Release|Any CPU
	EndGlobalSection
	GlobalSection(ProjectConfigurationPlatforms) = postSolution
		{1ECD5DA0-3BF3-467B-BCFA-35D08C358B9F}.Debug|Any CPU.ActiveCfg = Debug|Any CPU
		{1ECD5DA0-3BF3-467B-BCFA-35D08C358B9F}.Debug|Any CPU.Build.0 = Debug|Any CPU
		{1ECD5DA0-3BF3-467B-BCFA-35D08C358B9F}.Release|Any CPU.ActiveCfg = Release|Any CPU
		{1ECD5DA0-3BF3-467B-BCFA-35D08C358B9F}.Release|Any CPU.Build.0 = Release|Any CPU
	EndGlobalSection
	GlobalSection(SolutionProperties) = preSolution
		HideSolutionNode = FALSE
	EndGlobalSection
	GlobalSection(ExtensibilityGlobals) = postSolution
		SolutionGuid = {199D8CA4-5837-4341-921A-5F39DAEE0B43}
	EndGlobalSection
EndGlobal
