
Microsoft Visual Studio Solution File, Format Version 12.00
# Visual Studio Version 17
VisualStudioVersion = 17.7.34024.191
MinimumVisualStudioVersion = 10.0.40219.1
Project("{FAE04EC0-301F-11D3-BF4B-00C04F79EFBC}") = "pro_QuanLyThuVien", "pro_QuanLyThuVien\pro_QuanLyThuVien.csproj", "{C2F48895-9054-4CD4-B3B3-05F06608AB11}"
EndProject
Global
	GlobalSection(SolutionConfigurationPlatforms) = preSolution
		Debug|Any CPU = Debug|Any CPU
		Release|Any CPU = Release|Any CPU
	EndGlobalSection
	GlobalSection(ProjectConfigurationPlatforms) = postSolution
		{C2F48895-9054-4CD4-B3B3-05F06608AB11}.Debug|Any CPU.ActiveCfg = Debug|Any CPU
		{C2F48895-9054-4CD4-B3B3-05F06608AB11}.Debug|Any CPU.Build.0 = Debug|Any CPU
		{C2F48895-9054-4CD4-B3B3-05F06608AB11}.Release|Any CPU.ActiveCfg = Release|Any CPU
		{C2F48895-9054-4CD4-B3B3-05F06608AB11}.Release|Any CPU.Build.0 = Release|Any CPU
	EndGlobalSection
	GlobalSection(SolutionProperties) = preSolution
		HideSolutionNode = FALSE
	EndGlobalSection
	GlobalSection(ExtensibilityGlobals) = postSolution
		SolutionGuid = {A82BD892-DFD3-4123-BE96-DA85391CC969}
	EndGlobalSection
EndGlobal
