
Microsoft Visual Studio Solution File, Format Version 12.00
# Visual Studio Version 17
VisualStudioVersion = 17.7.34024.191
MinimumVisualStudioVersion = 10.0.40219.1
Project("{FAE04EC0-301F-11D3-BF4B-00C04F79EFBC}") = "EX12_Interface", "EX12_Interface\EX12_Interface.csproj", "{0D2894A2-0F68-4E61-B922-9F0502277865}"
EndProject
Global
	GlobalSection(SolutionConfigurationPlatforms) = preSolution
		Debug|Any CPU = Debug|Any CPU
		Release|Any CPU = Release|Any CPU
	EndGlobalSection
	GlobalSection(ProjectConfigurationPlatforms) = postSolution
		{0D2894A2-0F68-4E61-B922-9F0502277865}.Debug|Any CPU.ActiveCfg = Debug|Any CPU
		{0D2894A2-0F68-4E61-B922-9F0502277865}.Debug|Any CPU.Build.0 = Debug|Any CPU
		{0D2894A2-0F68-4E61-B922-9F0502277865}.Release|Any CPU.ActiveCfg = Release|Any CPU
		{0D2894A2-0F68-4E61-B922-9F0502277865}.Release|Any CPU.Build.0 = Release|Any CPU
	EndGlobalSection
	GlobalSection(SolutionProperties) = preSolution
		HideSolutionNode = FALSE
	EndGlobalSection
	GlobalSection(ExtensibilityGlobals) = postSolution
		SolutionGuid = {6300B364-0CB5-41F4-B618-D64ECF549607}
	EndGlobalSection
EndGlobal
